// !$*UTF8*$!
{
	archiveVersion = 1;
	classes = {
	};
	objectVersion = 48;
	objects = {

/* Begin PBXBuildFile section */
		13F92AA3201FED4E00151F1F /* AppDelegate.swift in Sources */ = {isa = PBXBuildFile; fileRef = 13F92AA2201FED4E00151F1F /* AppDelegate.swift */; };
		13F92AA5201FED4E00151F1F /* GameScene.sks in Resources */ = {isa = PBXBuildFile; fileRef = 13F92AA4201FED4E00151F1F /* GameScene.sks */; };
		13F92AA7201FED4E00151F1F /* Actions.sks in Resources */ = {isa = PBXBuildFile; fileRef = 13F92AA6201FED4E00151F1F /* Actions.sks */; };
		13F92AA9201FED4E00151F1F /* GameScene.swift in Sources */ = {isa = PBXBuildFile; fileRef = 13F92AA8201FED4E00151F1F /* GameScene.swift */; };
		13F92AAB201FED4E00151F1F /* GameViewController.swift in Sources */ = {isa = PBXBuildFile; fileRef = 13F92AAA201FED4E00151F1F /* GameViewController.swift */; };
		13F92AAE201FED4E00151F1F /* Main.storyboard in Resources */ = {isa = PBXBuildFile; fileRef = 13F92AAC201FED4E00151F1F /* Main.storyboard */; };
		13F92AB0201FED4E00151F1F /* Assets.xcassets in Resources */ = {isa = PBXBuildFile; fileRef = 13F92AAF201FED4E00151F1F /* Assets.xcassets */; };
		13F92AB3201FED4E00151F1F /* LaunchScreen.storyboard in Resources */ = {isa = PBXBuildFile; fileRef = 13F92AB1201FED4E00151F1F /* LaunchScreen.storyboard */; };
		13F92ABD201FED8F00151F1F /* thunder.mp3 in Resources */ = {isa = PBXBuildFile; fileRef = 13F92ABA201FED8E00151F1F /* thunder.mp3 */; };
		13F92ABE201FED8F00151F1F /* yay.mp3 in Resources */ = {isa = PBXBuildFile; fileRef = 13F92ABB201FED8F00151F1F /* yay.mp3 */; };
		13F92ABF201FED8F00151F1F /* engine.mp3 in Resources */ = {isa = PBXBuildFile; fileRef = 13F92ABC201FED8F00151F1F /* engine.mp3 */; };
		13F92AC1201FEDC000151F1F /* Dock51.ttf in Resources */ = {isa = PBXBuildFile; fileRef = 13F92AC0201FEDC000151F1F /* Dock51.ttf */; };
		13F92AC9202005C200151F1F /* GameObject.swift in Sources */ = {isa = PBXBuildFile; fileRef = 13F92AC8202005C200151F1F /* GameObject.swift */; };
		13F92ACB2020094100151F1F /* GameProtocol.swift in Sources */ = {isa = PBXBuildFile; fileRef = 13F92ACA2020094100151F1F /* GameProtocol.swift */; };
		13F92ACD202009B000151F1F /* Plane.swift in Sources */ = {isa = PBXBuildFile; fileRef = 13F92ACC202009B000151F1F /* Plane.swift */; };
/* End PBXBuildFile section */

/* Begin PBXFileReference section */
		13F92A9F201FED4E00151F1F /* Game.app */ = {isa = PBXFileReference; explicitFileType = wrapper.application; includeInIndex = 0; path = Game.app; sourceTree = BUILT_PRODUCTS_DIR; };
		13F92AA2201FED4E00151F1F /* AppDelegate.swift */ = {isa = PBXFileReference; lastKnownFileType = sourcecode.swift; path = AppDelegate.swift; sourceTree = "<group>"; };
		13F92AA4201FED4E00151F1F /* GameScene.sks */ = {isa = PBXFileReference; lastKnownFileType = file.sks; path = GameScene.sks; sourceTree = "<group>"; };
		13F92AA6201FED4E00151F1F /* Actions.sks */ = {isa = PBXFileReference; lastKnownFileType = file.sks; path = Actions.sks; sourceTree = "<group>"; };
		13F92AA8201FED4E00151F1F /* GameScene.swift */ = {isa = PBXFileReference; lastKnownFileType = sourcecode.swift; path = GameScene.swift; sourceTree = "<group>"; };
		13F92AAA201FED4E00151F1F /* GameViewController.swift */ = {isa = PBXFileReference; lastKnownFileType = sourcecode.swift; path = GameViewController.swift; sourceTree = "<group>"; };
		13F92AAD201FED4E00151F1F /* Base */ = {isa = PBXFileReference; lastKnownFileType = file.storyboard; name = Base; path = Base.lproj/Main.storyboard; sourceTree = "<group>"; };
		13F92AAF201FED4E00151F1F /* Assets.xcassets */ = {isa = PBXFileReference; lastKnownFileType = folder.assetcatalog; path = Assets.xcassets; sourceTree = "<group>"; };
		13F92AB2201FED4E00151F1F /* Base */ = {isa = PBXFileReference; lastKnownFileType = file.storyboard; name = Base; path = Base.lproj/LaunchScreen.storyboard; sourceTree = "<group>"; };
		13F92AB4201FED4E00151F1F /* Info.plist */ = {isa = PBXFileReference; lastKnownFileType = text.plist.xml; path = Info.plist; sourceTree = "<group>"; };
		13F92ABA201FED8E00151F1F /* thunder.mp3 */ = {isa = PBXFileReference; lastKnownFileType = audio.mp3; path = thunder.mp3; sourceTree = "<group>"; };
		13F92ABB201FED8F00151F1F /* yay.mp3 */ = {isa = PBXFileReference; lastKnownFileType = audio.mp3; path = yay.mp3; sourceTree = "<group>"; };
		13F92ABC201FED8F00151F1F /* engine.mp3 */ = {isa = PBXFileReference; lastKnownFileType = audio.mp3; path = engine.mp3; sourceTree = "<group>"; };
		13F92AC0201FEDC000151F1F /* Dock51.ttf */ = {isa = PBXFileReference; lastKnownFileType = file; path = Dock51.ttf; sourceTree = "<group>"; };
		13F92AC8202005C200151F1F /* GameObject.swift */ = {isa = PBXFileReference; lastKnownFileType = sourcecode.swift; path = GameObject.swift; sourceTree = "<group>"; };
		13F92ACA2020094100151F1F /* GameProtocol.swift */ = {isa = PBXFileReference; lastKnownFileType = sourcecode.swift; path = GameProtocol.swift; sourceTree = "<group>"; };
		13F92ACC202009B000151F1F /* Plane.swift */ = {isa = PBXFileReference; lastKnownFileType = sourcecode.swift; path = Plane.swift; sourceTree = "<group>"; };
/* End PBXFileReference section */

/* Begin PBXFrameworksBuildPhase section */
		13F92A9C201FED4E00151F1F /* Frameworks */ = {
			isa = PBXFrameworksBuildPhase;
			buildActionMask = 2147483647;
			files = (
			);
			runOnlyForDeploymentPostprocessing = 0;
		};
/* End PBXFrameworksBuildPhase section */

/* Begin PBXGroup section */
		13F92A96201FED4E00151F1F = {
			isa = PBXGroup;
			children = (
				13F92AA1201FED4E00151F1F /* Game */,
				13F92AA0201FED4E00151F1F /* Products */,
			);
			sourceTree = "<group>";
		};
		13F92AA0201FED4E00151F1F /* Products */ = {
			isa = PBXGroup;
			children = (
				13F92A9F201FED4E00151F1F /* Game.app */,
			);
			name = Products;
			sourceTree = "<group>";
		};
		13F92AA1201FED4E00151F1F /* Game */ = {
			isa = PBXGroup;
			children = (
				13F92AC72020053100151F1F /* Objects */,
				13F92AC4201FF8DB00151F1F /* Scenes */,
				13F92AA2201FED4E00151F1F /* AppDelegate.swift */,
				13F92AA6201FED4E00151F1F /* Actions.sks */,
				13F92AAA201FED4E00151F1F /* GameViewController.swift */,
				13F92AAC201FED4E00151F1F /* Main.storyboard */,
				13F92AAF201FED4E00151F1F /* Assets.xcassets */,
				13F92AB1201FED4E00151F1F /* LaunchScreen.storyboard */,
				13F92AB4201FED4E00151F1F /* Info.plist */,
				13F92ABC201FED8F00151F1F /* engine.mp3 */,
				13F92ABA201FED8E00151F1F /* thunder.mp3 */,
				13F92ABB201FED8F00151F1F /* yay.mp3 */,
				13F92AC0201FEDC000151F1F /* Dock51.ttf */,
			);
			path = Game;
			sourceTree = "<group>";
		};
		13F92AC4201FF8DB00151F1F /* Scenes */ = {
			isa = PBXGroup;
			children = (
				13F92AA4201FED4E00151F1F /* GameScene.sks */,
				13F92AA8201FED4E00151F1F /* GameScene.swift */,
			);
			path = Scenes;
			sourceTree = "<group>";
		};
		13F92AC72020053100151F1F /* Objects */ = {
			isa = PBXGroup;
			children = (
				13F92AC8202005C200151F1F /* GameObject.swift */,
				13F92ACA2020094100151F1F /* GameProtocol.swift */,
				13F92ACC202009B000151F1F /* Plane.swift */,
			);
			path = Objects;
			sourceTree = "<group>";
		};
/* End PBXGroup section */

/* Begin PBXNativeTarget section */
		13F92A9E201FED4E00151F1F /* Game */ = {
			isa = PBXNativeTarget;
			buildConfigurationList = 13F92AB7201FED4E00151F1F /* Build configuration list for PBXNativeTarget "Game" */;
			buildPhases = (
				13F92A9B201FED4E00151F1F /* Sources */,
				13F92A9C201FED4E00151F1F /* Frameworks */,
				13F92A9D201FED4E00151F1F /* Resources */,
			);
			buildRules = (
			);
			dependencies = (
			);
			name = Game;
			productName = Game;
			productReference = 13F92A9F201FED4E00151F1F /* Game.app */;
			productType = "com.apple.product-type.application";
		};
/* End PBXNativeTarget section */

/* Begin PBXProject section */
		13F92A97201FED4E00151F1F /* Project object */ = {
			isa = PBXProject;
			attributes = {
				LastSwiftUpdateCheck = 0920;
				LastUpgradeCheck = 0920;
				ORGANIZATIONNAME = Centennial;
				TargetAttributes = {
					13F92A9E201FED4E00151F1F = {
						CreatedOnToolsVersion = 9.2;
						ProvisioningStyle = Automatic;
					};
				};
			};
			buildConfigurationList = 13F92A9A201FED4E00151F1F /* Build configuration list for PBXProject "Game" */;
			compatibilityVersion = "Xcode 8.0";
			developmentRegion = en;
			hasScannedForEncodings = 0;
			knownRegions = (
				en,
				Base,
			);
			mainGroup = 13F92A96201FED4E00151F1F;
			productRefGroup = 13F92AA0201FED4E00151F1F /* Products */;
			projectDirPath = "";
			projectRoot = "";
			targets = (
				13F92A9E201FED4E00151F1F /* Game */,
			);
		};
/* End PBXProject section */

/* Begin PBXResourcesBuildPhase section */
		13F92A9D201FED4E00151F1F /* Resources */ = {
			isa = PBXResourcesBuildPhase;
			buildActionMask = 2147483647;
			files = (
				13F92AAE201FED4E00151F1F /* Main.storyboard in Resources */,
				13F92AA5201FED4E00151F1F /* GameScene.sks in Resources */,
				13F92ABE201FED8F00151F1F /* yay.mp3 in Resources */,
				13F92AC1201FEDC000151F1F /* Dock51.ttf in Resources */,
				13F92AB0201FED4E00151F1F /* Assets.xcassets in Resources */,
				13F92AB3201FED4E00151F1F /* LaunchScreen.storyboard in Resources */,
				13F92AA7201FED4E00151F1F /* Actions.sks in Resources */,
				13F92ABF201FED8F00151F1F /* engine.mp3 in Resources */,
				13F92ABD201FED8F00151F1F /* thunder.mp3 in Resources */,
			);
			runOnlyForDeploymentPostprocessing = 0;
		};
/* End PBXResourcesBuildPhase section */

/* Begin PBXSourcesBuildPhase section */
		13F92A9B201FED4E00151F1F /* Sources */ = {
			isa = PBXSourcesBuildPhase;
			buildActionMask = 2147483647;
			files = (
				13F92AC9202005C200151F1F /* GameObject.swift in Sources */,
				13F92ACB2020094100151F1F /* GameProtocol.swift in Sources */,
				13F92AA9201FED4E00151F1F /* GameScene.swift in Sources */,
				13F92AAB201FED4E00151F1F /* GameViewController.swift in Sources */,
				13F92ACD202009B000151F1F /* Plane.swift in Sources */,
				13F92AA3201FED4E00151F1F /* AppDelegate.swift in Sources */,
			);
			runOnlyForDeploymentPostprocessing = 0;
		};
/* End PBXSourcesBuildPhase section */

/* Begin PBXVariantGroup section */
		13F92AAC201FED4E00151F1F /* Main.storyboard */ = {
			isa = PBXVariantGroup;
			children = (
				13F92AAD201FED4E00151F1F /* Base */,
			);
			name = Main.storyboard;
			sourceTree = "<group>";
		};
		13F92AB1201FED4E00151F1F /* LaunchScreen.storyboard */ = {
			isa = PBXVariantGroup;
			children = (
				13F92AB2201FED4E00151F1F /* Base */,
			);
			name = LaunchScreen.storyboard;
			sourceTree = "<group>";
		};
/* End PBXVariantGroup section */

/* Begin XCBuildConfiguration section */
		13F92AB5201FED4E00151F1F /* Debug */ = {
			isa = XCBuildConfiguration;
			buildSettings = {
				ALWAYS_SEARCH_USER_PATHS = NO;
				CLANG_ANALYZER_NONNULL = YES;
				CLANG_ANALYZER_NUMBER_OBJECT_CONVERSION = YES_AGGRESSIVE;
				CLANG_CXX_LANGUAGE_STANDARD = "gnu++14";
				CLANG_CXX_LIBRARY = "libc++";
				CLANG_ENABLE_MODULES = YES;
				CLANG_ENABLE_OBJC_ARC = YES;
				CLANG_WARN_BLOCK_CAPTURE_AUTORELEASING = YES;
				CLANG_WARN_BOOL_CONVERSION = YES;
				CLANG_WARN_COMMA = YES;
				CLANG_WARN_CONSTANT_CONVERSION = YES;
				CLANG_WARN_DIRECT_OBJC_ISA_USAGE = YES_ERROR;
				CLANG_WARN_DOCUMENTATION_COMMENTS = YES;
				CLANG_WARN_EMPTY_BODY = YES;
				CLANG_WARN_ENUM_CONVERSION = YES;
				CLANG_WARN_INFINITE_RECURSION = YES;
				CLANG_WARN_INT_CONVERSION = YES;
				CLANG_WARN_NON_LITERAL_NULL_CONVERSION = YES;
				CLANG_WARN_OBJC_LITERAL_CONVERSION = YES;
				CLANG_WARN_OBJC_ROOT_CLASS = YES_ERROR;
				CLANG_WARN_RANGE_LOOP_ANALYSIS = YES;
				CLANG_WARN_STRICT_PROTOTYPES = YES;
				CLANG_WARN_SUSPICIOUS_MOVE = YES;
				CLANG_WARN_UNGUARDED_AVAILABILITY = YES_AGGRESSIVE;
				CLANG_WARN_UNREACHABLE_CODE = YES;
				CLANG_WARN__DUPLICATE_METHOD_MATCH = YES;
				CODE_SIGN_IDENTITY = "iPhone Developer";
				COPY_PHASE_STRIP = NO;
				DEBUG_INFORMATION_FORMAT = dwarf;
				ENABLE_STRICT_OBJC_MSGSEND = YES;
				ENABLE_TESTABILITY = YES;
				GCC_C_LANGUAGE_STANDARD = gnu11;
				GCC_DYNAMIC_NO_PIC = NO;
				GCC_NO_COMMON_BLOCKS = YES;
				GCC_OPTIMIZATION_LEVEL = 0;
				GCC_PREPROCESSOR_DEFINITIONS = (
					"DEBUG=1",
					"$(inherited)",
				);
				GCC_WARN_64_TO_32_BIT_CONVERSION = YES;
				GCC_WARN_ABOUT_RETURN_TYPE = YES_ERROR;
				GCC_WARN_UNDECLARED_SELECTOR = YES;
				GCC_WARN_UNINITIALIZED_AUTOS = YES_AGGRESSIVE;
				GCC_WARN_UNUSED_FUNCTION = YES;
				GCC_WARN_UNUSED_VARIABLE = YES;
				IPHONEOS_DEPLOYMENT_TARGET = 11.2;
				MTL_ENABLE_DEBUG_INFO = YES;
				ONLY_ACTIVE_ARCH = YES;
				SDKROOT = iphoneos;
				SWIFT_ACTIVE_COMPILATION_CONDITIONS = DEBUG;
				SWIFT_OPTIMIZATION_LEVEL = "-Onone";
			};
			name = Debug;
		};
		13F92AB6201FED4E00151F1F /* Release */ = {
			isa = XCBuildConfiguration;
			buildSettings = {
				ALWAYS_SEARCH_USER_PATHS = NO;
				CLANG_ANALYZER_NONNULL = YES;
				CLANG_ANALYZER_NUMBER_OBJECT_CONVERSION = YES_AGGRESSIVE;
				CLANG_CXX_LANGUAGE_STANDARD = "gnu++14";
				CLANG_CXX_LIBRARY = "libc++";
				CLANG_ENABLE_MODULES = YES;
				CLANG_ENABLE_OBJC_ARC = YES;
				CLANG_WARN_BLOCK_CAPTURE_AUTORELEASING = YES;
				CLANG_WARN_BOOL_CONVERSION = YES;
				CLANG_WARN_COMMA = YES;
				CLANG_WARN_CONSTANT_CONVERSION = YES;
				CLANG_WARN_DIRECT_OBJC_ISA_USAGE = YES_ERROR;
				CLANG_WARN_DOCUMENTATION_COMMENTS = YES;
				CLANG_WARN_EMPTY_BODY = YES;
				CLANG_WARN_ENUM_CONVERSION = YES;
				CLANG_WARN_INFINITE_RECURSION = YES;
				CLANG_WARN_INT_CONVERSION = YES;
				CLANG_WARN_NON_LITERAL_NULL_CONVERSION = YES;
				CLANG_WARN_OBJC_LITERAL_CONVERSION = YES;
				CLANG_WARN_OBJC_ROOT_CLASS = YES_ERROR;
				CLANG_WARN_RANGE_LOOP_ANALYSIS = YES;
				CLANG_WARN_STRICT_PROTOTYPES = YES;
				CLANG_WARN_SUSPICIOUS_MOVE = YES;
				CLANG_WARN_UNGUARDED_AVAILABILITY = YES_AGGRESSIVE;
				CLANG_WARN_UNREACHABLE_CODE = YES;
				CLANG_WARN__DUPLICATE_METHOD_MATCH = YES;
				CODE_SIGN_IDENTITY = "iPhone Developer";
				COPY_PHASE_STRIP = NO;
				DEBUG_INFORMATION_FORMAT = "dwarf-with-dsym";
				ENABLE_NS_ASSERTIONS = NO;
				ENABLE_STRICT_OBJC_MSGSEND = YES;
				GCC_C_LANGUAGE_STANDARD = gnu11;
				GCC_NO_COMMON_BLOCKS = YES;
				GCC_WARN_64_TO_32_BIT_CONVERSION = YES;
				GCC_WARN_ABOUT_RETURN_TYPE = YES_ERROR;
				GCC_WARN_UNDECLARED_SELECTOR = YES;
				GCC_WARN_UNINITIALIZED_AUTOS = YES_AGGRESSIVE;
				GCC_WARN_UNUSED_FUNCTION = YES;
				GCC_WARN_UNUSED_VARIABLE = YES;
				IPHONEOS_DEPLOYMENT_TARGET = 11.2;
				MTL_ENABLE_DEBUG_INFO = NO;
				SDKROOT = iphoneos;
				SWIFT_OPTIMIZATION_LEVEL = "-Owholemodule";
				VALIDATE_PRODUCT = YES;
			};
			name = Release;
		};
		13F92AB8201FED4E00151F1F /* Debug */ = {
			isa = XCBuildConfiguration;
			buildSettings = {
				ASSETCATALOG_COMPILER_APPICON_NAME = AppIcon;
				CODE_SIGN_STYLE = Automatic;
				DEVELOPMENT_TEAM = 2BULHRS882;
				INFOPLIST_FILE = Game/Info.plist;
				LD_RUNPATH_SEARCH_PATHS = "$(inherited) @executable_path/Frameworks";
				PRODUCT_BUNDLE_IDENTIFIER = ca.centennialcollege.Game;
				PRODUCT_NAME = "$(TARGET_NAME)";
				SWIFT_VERSION = 4.0;
				TARGETED_DEVICE_FAMILY = "1,2";
			};
			name = Debug;
		};
		13F92AB9201FED4E00151F1F /* Release */ = {
			isa = XCBuildConfiguration;
			buildSettings = {
				ASSETCATALOG_COMPILER_APPICON_NAME = AppIcon;
				CODE_SIGN_STYLE = Automatic;
				DEVELOPMENT_TEAM = 2BULHRS882;
				INFOPLIST_FILE = Game/Info.plist;
				LD_RUNPATH_SEARCH_PATHS = "$(inherited) @executable_path/Frameworks";
				PRODUCT_BUNDLE_IDENTIFIER = ca.centennialcollege.Game;
				PRODUCT_NAME = "$(TARGET_NAME)";
				SWIFT_VERSION = 4.0;
				TARGETED_DEVICE_FAMILY = "1,2";
			};
			name = Release;
		};
/* End XCBuildConfiguration section */

/* Begin XCConfigurationList section */
		13F92A9A201FED4E00151F1F /* Build configuration list for PBXProject "Game" */ = {
			isa = XCConfigurationList;
			buildConfigurations = (
				13F92AB5201FED4E00151F1F /* Debug */,
				13F92AB6201FED4E00151F1F /* Release */,
			);
			defaultConfigurationIsVisible = 0;
			defaultConfigurationName = Release;
		};
		13F92AB7201FED4E00151F1F /* Build configuration list for PBXNativeTarget "Game" */ = {
			isa = XCConfigurationList;
			buildConfigurations = (
				13F92AB8201FED4E00151F1F /* Debug */,
				13F92AB9201FED4E00151F1F /* Release */,
			);
			defaultConfigurationIsVisible = 0;
			defaultConfigurationName = Release;
		};
/* End XCConfigurationList section */
	};
	rootObject = 13F92A97201FED4E00151F1F /* Project object */;
}
